
Microsoft Visual Studio Solution File, Format Version 12.00
# Visual Studio Version 16
VisualStudioVersion = 16.0.29806.167
MinimumVisualStudioVersion = 10.0.40219.1
Project("{FAE04EC0-301F-11D3-BF4B-00C04F79EFBC}") = "ElevenNote.Data", "ElevenNote.Data\ElevenNote.Data.csproj", "{744712F7-050D-46D7-AB79-BD10595226C6}"
EndProject
Project("{FAE04EC0-301F-11D3-BF4B-00C04F79EFBC}") = "ElevenNote.Models", "ElevenNote.Models\ElevenNote.Models.csproj", "{BC29D0ED-7507-4263-9A20-E9E151F8B67E}"
EndProject
Project("{FAE04EC0-301F-11D3-BF4B-00C04F79EFBC}") = "ElevenNote.Services", "ElevenNote.Services\ElevenNote.Services.csproj", "{A60DD076-A7AB-4D60-B225-668330DB1639}"
EndProject
Project("{FAE04EC0-301F-11D3-BF4B-00C04F79EFBC}") = "ElevenNote.WebAPI", "ElevenNote.WebAPI\ElevenNote.WebAPI.csproj", "{AAE764F8-6D82-42A9-8959-8F4159BB4B98}"
EndProject
Global
	GlobalSection(SolutionConfigurationPlatforms) = preSolution
		Debug|Any CPU = Debug|Any CPU
		Release|Any CPU = Release|Any CPU
	EndGlobalSection
	GlobalSection(ProjectConfigurationPlatforms) = postSolution
		{744712F7-050D-46D7-AB79-BD10595226C6}.Debug|Any CPU.ActiveCfg = Debug|Any CPU
		{744712F7-050D-46D7-AB79-BD10595226C6}.Debug|Any CPU.Build.0 = Debug|Any CPU
		{744712F7-050D-46D7-AB79-BD10595226C6}.Release|Any CPU.ActiveCfg = Release|Any CPU
		{744712F7-050D-46D7-AB79-BD10595226C6}.Release|Any CPU.Build.0 = Release|Any CPU
		{BC29D0ED-7507-4263-9A20-E9E151F8B67E}.Debug|Any CPU.ActiveCfg = Debug|Any CPU
		{BC29D0ED-7507-4263-9A20-E9E151F8B67E}.Debug|Any CPU.Build.0 = Debug|Any CPU
		{BC29D0ED-7507-4263-9A20-E9E151F8B67E}.Release|Any CPU.ActiveCfg = Release|Any CPU
		{BC29D0ED-7507-4263-9A20-E9E151F8B67E}.Release|Any CPU.Build.0 = Release|Any CPU
		{A60DD076-A7AB-4D60-B225-668330DB1639}.Debug|Any CPU.ActiveCfg = Debug|Any CPU
		{A60DD076-A7AB-4D60-B225-668330DB1639}.Debug|Any CPU.Build.0 = Debug|Any CPU
		{A60DD076-A7AB-4D60-B225-668330DB1639}.Release|Any CPU.ActiveCfg = Release|Any CPU
		{A60DD076-A7AB-4D60-B225-668330DB1639}.Release|Any CPU.Build.0 = Release|Any CPU
		{AAE764F8-6D82-42A9-8959-8F4159BB4B98}.Debug|Any CPU.ActiveCfg = Debug|Any CPU
		{AAE764F8-6D82-42A9-8959-8F4159BB4B98}.Debug|Any CPU.Build.0 = Debug|Any CPU
		{AAE764F8-6D82-42A9-8959-8F4159BB4B98}.Release|Any CPU.ActiveCfg = Release|Any CPU
		{AAE764F8-6D82-42A9-8959-8F4159BB4B98}.Release|Any CPU.Build.0 = Release|Any CPU
	EndGlobalSection
	GlobalSection(SolutionProperties) = preSolution
		HideSolutionNode = FALSE
	EndGlobalSection
	GlobalSection(ExtensibilityGlobals) = postSolution
		SolutionGuid = {122A0218-E91C-41FE-B3B5-F32C070484FF}
	EndGlobalSection
EndGlobal
